
Microsoft Visual Studio Solution File, Format Version 12.00
# Visual Studio Version 17
VisualStudioVersion = 17.13.35931.197
MinimumVisualStudioVersion = 10.0.40219.1
Project("{FAE04EC0-301F-11D3-BF4B-00C04F79EFBC}") = "LogMonitorigApp", "LogMonitorigApp\LogMonitorigApp.csproj", "{243049BD-CFD0-4D9E-BC55-2FCB4CA563D7}"
EndProject
Global
	GlobalSection(SolutionConfigurationPlatforms) = preSolution
		Debug|Any CPU = Debug|Any CPU
		Release|Any CPU = Release|Any CPU
	EndGlobalSection
	GlobalSection(ProjectConfigurationPlatforms) = postSolution
		{243049BD-CFD0-4D9E-BC55-2FCB4CA563D7}.Debug|Any CPU.ActiveCfg = Debug|Any CPU
		{243049BD-CFD0-4D9E-BC55-2FCB4CA563D7}.Debug|Any CPU.Build.0 = Debug|Any CPU
		{243049BD-CFD0-4D9E-BC55-2FCB4CA563D7}.Release|Any CPU.ActiveCfg = Release|Any CPU
		{243049BD-CFD0-4D9E-BC55-2FCB4CA563D7}.Release|Any CPU.Build.0 = Release|Any CPU
	EndGlobalSection
	GlobalSection(SolutionProperties) = preSolution
		HideSolutionNode = FALSE
	EndGlobalSection
	GlobalSection(ExtensibilityGlobals) = postSolution
		SolutionGuid = {FD085F49-205C-4784-9EA5-D1CC4205634F}
	EndGlobalSection
EndGlobal
